// !$*UTF8*$!
{
	archiveVersion = 1;
	classes = {
	};
	objectVersion = 56;
	objects = {

/* Begin PBXBuildFile section */
		1A000001 /* DriveIndexApp.swift in Sources */ = {isa = PBXBuildFile; fileRef = 1A000000 /* DriveIndexApp.swift */; };
		1A000003 /* ContentView.swift in Sources */ = {isa = PBXBuildFile; fileRef = 1A000002 /* ContentView.swift */; };
		1A000005 /* DriveListView.swift in Sources */ = {isa = PBXBuildFile; fileRef = 1A000004 /* DriveListView.swift */; };
		1A000009 /* DatabaseManager.swift in Sources */ = {isa = PBXBuildFile; fileRef = 1A000008 /* DatabaseManager.swift */; };
		1A00000B /* DriveMonitor.swift in Sources */ = {isa = PBXBuildFile; fileRef = 1A00000A /* DriveMonitor.swift */; };
		1A00000D /* FileIndexer.swift in Sources */ = {isa = PBXBuildFile; fileRef = 1A00000C /* FileIndexer.swift */; };
		1A00000F /* IndexManager.swift in Sources */ = {isa = PBXBuildFile; fileRef = 1A00000E /* IndexManager.swift */; };
		8631682F2EC96F43007B6201 /* StorageAnalysis.swift in Sources */ = {isa = PBXBuildFile; fileRef = 8631682E2EC96F43007B6201 /* StorageAnalysis.swift */; };
		863168312EC96F54007B6201 /* StorageVisualizationView.swift in Sources */ = {isa = PBXBuildFile; fileRef = 863168302EC96F54007B6201 /* StorageVisualizationView.swift */; };
		863168332EC96F65007B6201 /* StorageCache.swift in Sources */ = {isa = PBXBuildFile; fileRef = 863168322EC96F65007B6201 /* StorageCache.swift */; };
		863168332EC999A6007B6201 /* NavigationSidebar.swift in Sources */ = {isa = PBXBuildFile; fileRef = 863168322EC999A6007B6201 /* NavigationSidebar.swift */; };
		863168352EC999C3007B6201 /* NavigationItem.swift in Sources */ = {isa = PBXBuildFile; fileRef = 863168342EC999C3007B6201 /* NavigationItem.swift */; };
		863168372EC999D3007B6201 /* DesignSystem.swift in Sources */ = {isa = PBXBuildFile; fileRef = 863168362EC999D3007B6201 /* DesignSystem.swift */; };
		863168402EC999E8007B6201 /* FilesView.swift in Sources */ = {isa = PBXBuildFile; fileRef = 8631683B2EC999E8007B6201 /* FilesView.swift */; };
		863168422EC999E8007B6201 /* AppearanceView.swift in Sources */ = {isa = PBXBuildFile; fileRef = 863168392EC999E8007B6201 /* AppearanceView.swift */; };
		863168432EC999E8007B6201 /* AdvancedView.swift in Sources */ = {isa = PBXBuildFile; fileRef = 863168382EC999E8007B6201 /* AdvancedView.swift */; };
		8305C1EBAB7645EAB3D0CC67 /* DuplicateSettingsView.swift in Sources */ = {isa = PBXBuildFile; fileRef = E5DA1CF0DEB44944B1BD8C57 /* DuplicateSettingsView.swift */; };
		863168442EC999E8007B6201 /* DrivesView.swift in Sources */ = {isa = PBXBuildFile; fileRef = 8631683A2EC999E8007B6201 /* DrivesView.swift */; };
		863168452EC999E8007B6201 /* IndexingView.swift in Sources */ = {isa = PBXBuildFile; fileRef = 8631683C2EC999E8007B6201 /* IndexingView.swift */; };
		863168462EC999E8007B6201 /* RaycastView.swift in Sources */ = {isa = PBXBuildFile; fileRef = 8631683E2EC999E8007B6201 /* RaycastView.swift */; };
		863168472EC999E8007B6201 /* ShortcutView.swift in Sources */ = {isa = PBXBuildFile; fileRef = 8631683F2EC999E8007B6201 /* ShortcutView.swift */; };
		863AC5252ECBF6F400F215E7 /* DriveDetailView.swift in Sources */ = {isa = PBXBuildFile; fileRef = 863AC5242ECBF6F400F215E7 /* DriveDetailView.swift */; };
		863BF7F72ECE757C0014E923 /* HashWorker.swift in Sources */ = {isa = PBXBuildFile; fileRef = 863BF7F62ECE757C0014E923 /* HashWorker.swift */; };
		866227B92EC693D300B42819 /* AppDelegate.swift in Sources */ = {isa = PBXBuildFile; fileRef = 866227B82EC693D300B42819 /* AppDelegate.swift */; };
		86653A0B2EC695FD00DD4FB3 /* FloatingPanel.swift in Sources */ = {isa = PBXBuildFile; fileRef = 86653A092EC695FD00DD4FB3 /* FloatingPanel.swift */; };
		86653A0D2EC695FF00DD4FB3 /* SettingsWindow.swift in Sources */ = {isa = PBXBuildFile; fileRef = 86653A0F2EC695FF00DD4FB3 /* SettingsWindow.swift */; };
		86758BD32ECA78F200270DC6 /* TagInputView.swift in Sources */ = {isa = PBXBuildFile; fileRef = 86758BD22ECA78F100270DC6 /* TagInputView.swift */; };
		867891A82EC0655800E2CDAD /* Spacing.swift in Sources */ = {isa = PBXBuildFile; fileRef = 867891A52EC0655800E2CDAD /* Spacing.swift */; };
		867891A92EC0655800E2CDAD /* Typography.swift in Sources */ = {isa = PBXBuildFile; fileRef = 867891A62EC0655800E2CDAD /* Typography.swift */; };
		867891AB2EC0A52600E2CDAD /* SearchManager.swift in Sources */ = {isa = PBXBuildFile; fileRef = 867891AA2EC0A52600E2CDAD /* SearchManager.swift */; };
		867891AD2EC0A53F00E2CDAD /* SearchBar.swift in Sources */ = {isa = PBXBuildFile; fileRef = 867891AC2EC0A53F00E2CDAD /* SearchBar.swift */; };
		867891AF2EC0A55A00E2CDAD /* SearchResultsView.swift in Sources */ = {isa = PBXBuildFile; fileRef = 867891AE2EC0A55A00E2CDAD /* SearchResultsView.swift */; };
		867891B22EC0B34E00E2CDAD /* HotkeyManager.swift in Sources */ = {isa = PBXBuildFile; fileRef = 867891B02EC0B34E00E2CDAD /* HotkeyManager.swift */; };
		867891B32EC0B34E00E2CDAD /* KeyboardShortcut.swift in Sources */ = {isa = PBXBuildFile; fileRef = 867891B12EC0B34E00E2CDAD /* KeyboardShortcut.swift */; };
		867891B52EC0B35F00E2CDAD /* ShortcutRecorder.swift in Sources */ = {isa = PBXBuildFile; fileRef = 867891B42EC0B35F00E2CDAD /* ShortcutRecorder.swift */; };
		86B531AA2EC04858007DC54C /* SettingsSection.swift in Sources */ = {isa = PBXBuildFile; fileRef = 86B531A82EC04858007DC54C /* SettingsSection.swift */; };
		86B531AB2EC04858007DC54C /* DriveStatusBadge.swift in Sources */ = {isa = PBXBuildFile; fileRef = 86B531A72EC04858007DC54C /* DriveStatusBadge.swift */; };
		86EE86FC2EC73FA0005146ED /* FSEventsMonitor.swift in Sources */ = {isa = PBXBuildFile; fileRef = 86EE86FB2EC73FA0005146ED /* FSEventsMonitor.swift */; };
		86F76A982ECC2A2000039E10 /* DuplicatesView.swift in Sources */ = {isa = PBXBuildFile; fileRef = 86F76A972ECC2A2000039E10 /* DuplicatesView.swift */; };
		87000001 /* SettingsWindowView.swift in Sources */ = {isa = PBXBuildFile; fileRef = 87000011 /* SettingsWindowView.swift */; };
		87000002 /* SearchView.swift in Sources */ = {isa = PBXBuildFile; fileRef = 87000012 /* SearchView.swift */; };
		87000003 /* SettingsNavigationSidebar.swift in Sources */ = {isa = PBXBuildFile; fileRef = 87000013 /* SettingsNavigationSidebar.swift */; };
		87000004 /* SettingsNavigationItem.swift in Sources */ = {isa = PBXBuildFile; fileRef = 87000014 /* SettingsNavigationItem.swift */; };
		87000006 /* MainWindow.swift in Sources */ = {isa = PBXBuildFile; fileRef = 87000016 /* MainWindow.swift */; };
		87000007 /* MainWindowView.swift in Sources */ = {isa = PBXBuildFile; fileRef = 87000017 /* MainWindowView.swift */; };
/* End PBXBuildFile section */

/* Begin PBXFileReference section */
		1A000000 /* DriveIndexApp.swift */ = {isa = PBXFileReference; lastKnownFileType = sourcecode.swift; path = DriveIndexApp.swift; sourceTree = "<group>"; };
		1A000002 /* ContentView.swift */ = {isa = PBXFileReference; lastKnownFileType = sourcecode.swift; path = ContentView.swift; sourceTree = "<group>"; };
		1A000004 /* DriveListView.swift */ = {isa = PBXFileReference; lastKnownFileType = sourcecode.swift; path = DriveListView.swift; sourceTree = "<group>"; };
		1A000008 /* DatabaseManager.swift */ = {isa = PBXFileReference; lastKnownFileType = sourcecode.swift; path = DatabaseManager.swift; sourceTree = "<group>"; };
		1A00000A /* DriveMonitor.swift */ = {isa = PBXFileReference; lastKnownFileType = sourcecode.swift; path = DriveMonitor.swift; sourceTree = "<group>"; };
		1A00000C /* FileIndexer.swift */ = {isa = PBXFileReference; lastKnownFileType = sourcecode.swift; path = FileIndexer.swift; sourceTree = "<group>"; };
		1A00000E /* IndexManager.swift */ = {isa = PBXFileReference; lastKnownFileType = sourcecode.swift; path = IndexManager.swift; sourceTree = "<group>"; };
		1A000010 /* Info.plist */ = {isa = PBXFileReference; lastKnownFileType = text.plist.xml; path = Info.plist; sourceTree = "<group>"; };
		1A000011 /* DriveIndex.entitlements */ = {isa = PBXFileReference; lastKnownFileType = text.plist.entitlements; path = DriveIndex.entitlements; sourceTree = "<group>"; };
		1AXXXXXX /* DriveIndex.app */ = {isa = PBXFileReference; explicitFileType = wrapper.application; includeInIndex = 0; path = DriveIndex.app; sourceTree = BUILT_PRODUCTS_DIR; };
		8631682E2EC96F43007B6201 /* StorageAnalysis.swift */ = {isa = PBXFileReference; lastKnownFileType = sourcecode.swift; path = StorageAnalysis.swift; sourceTree = "<group>"; };
		863168302EC96F54007B6201 /* StorageVisualizationView.swift */ = {isa = PBXFileReference; lastKnownFileType = sourcecode.swift; path = StorageVisualizationView.swift; sourceTree = "<group>"; };
		863168322EC96F65007B6201 /* StorageCache.swift */ = {isa = PBXFileReference; lastKnownFileType = sourcecode.swift; path = StorageCache.swift; sourceTree = "<group>"; };
		863168322EC999A6007B6201 /* NavigationSidebar.swift */ = {isa = PBXFileReference; lastKnownFileType = sourcecode.swift; path = NavigationSidebar.swift; sourceTree = "<group>"; };
		863168342EC999C3007B6201 /* NavigationItem.swift */ = {isa = PBXFileReference; lastKnownFileType = sourcecode.swift; path = NavigationItem.swift; sourceTree = "<group>"; };
		863168362EC999D3007B6201 /* DesignSystem.swift */ = {isa = PBXFileReference; lastKnownFileType = sourcecode.swift; path = DesignSystem.swift; sourceTree = "<group>"; };
		863168382EC999E8007B6201 /* AdvancedView.swift */ = {isa = PBXFileReference; lastKnownFileType = sourcecode.swift; path = AdvancedView.swift; sourceTree = "<group>"; };
		863168392EC999E8007B6201 /* AppearanceView.swift */ = {isa = PBXFileReference; lastKnownFileType = sourcecode.swift; path = AppearanceView.swift; sourceTree = "<group>"; };
		8631683A2EC999E8007B6201 /* DrivesView.swift */ = {isa = PBXFileReference; lastKnownFileType = sourcecode.swift; path = DrivesView.swift; sourceTree = "<group>"; };
		E5DA1CF0DEB44944B1BD8C57 /* DuplicateSettingsView.swift */ = {isa = PBXFileReference; lastKnownFileType = sourcecode.swift; path = DuplicateSettingsView.swift; sourceTree = "<group>"; };
		8631683B2EC999E8007B6201 /* FilesView.swift */ = {isa = PBXFileReference; lastKnownFileType = sourcecode.swift; path = FilesView.swift; sourceTree = "<group>"; };
		8631683C2EC999E8007B6201 /* IndexingView.swift */ = {isa = PBXFileReference; lastKnownFileType = sourcecode.swift; path = IndexingView.swift; sourceTree = "<group>"; };
		8631683E2EC999E8007B6201 /* RaycastView.swift */ = {isa = PBXFileReference; lastKnownFileType = sourcecode.swift; path = RaycastView.swift; sourceTree = "<group>"; };
		8631683F2EC999E8007B6201 /* ShortcutView.swift */ = {isa = PBXFileReference; lastKnownFileType = sourcecode.swift; path = ShortcutView.swift; sourceTree = "<group>"; };
		863AC5242ECBF6F400F215E7 /* DriveDetailView.swift */ = {isa = PBXFileReference; lastKnownFileType = sourcecode.swift; path = DriveDetailView.swift; sourceTree = "<group>"; };
		863BF7F62ECE757C0014E923 /* HashWorker.swift */ = {isa = PBXFileReference; lastKnownFileType = sourcecode.swift; path = HashWorker.swift; sourceTree = "<group>"; };
		866227B82EC693D300B42819 /* AppDelegate.swift */ = {isa = PBXFileReference; lastKnownFileType = sourcecode.swift; path = AppDelegate.swift; sourceTree = "<group>"; };
		86653A092EC695FD00DD4FB3 /* FloatingPanel.swift */ = {isa = PBXFileReference; lastKnownFileType = sourcecode.swift; path = FloatingPanel.swift; sourceTree = "<group>"; };
		86653A0F2EC695FF00DD4FB3 /* SettingsWindow.swift */ = {isa = PBXFileReference; lastKnownFileType = sourcecode.swift; path = SettingsWindow.swift; sourceTree = "<group>"; };
		86758BD22ECA78F100270DC6 /* TagInputView.swift */ = {isa = PBXFileReference; lastKnownFileType = sourcecode.swift; path = TagInputView.swift; sourceTree = "<group>"; };
		867891A52EC0655800E2CDAD /* Spacing.swift */ = {isa = PBXFileReference; lastKnownFileType = sourcecode.swift; path = Spacing.swift; sourceTree = "<group>"; };
		867891A62EC0655800E2CDAD /* Typography.swift */ = {isa = PBXFileReference; lastKnownFileType = sourcecode.swift; path = Typography.swift; sourceTree = "<group>"; };
		867891AA2EC0A52600E2CDAD /* SearchManager.swift */ = {isa = PBXFileReference; lastKnownFileType = sourcecode.swift; path = SearchManager.swift; sourceTree = "<group>"; };
		867891AC2EC0A53F00E2CDAD /* SearchBar.swift */ = {isa = PBXFileReference; lastKnownFileType = sourcecode.swift; path = SearchBar.swift; sourceTree = "<group>"; };
		867891AE2EC0A55A00E2CDAD /* SearchResultsView.swift */ = {isa = PBXFileReference; lastKnownFileType = sourcecode.swift; path = SearchResultsView.swift; sourceTree = "<group>"; };
		867891B02EC0B34E00E2CDAD /* HotkeyManager.swift */ = {isa = PBXFileReference; lastKnownFileType = sourcecode.swift; path = HotkeyManager.swift; sourceTree = "<group>"; };
		867891B12EC0B34E00E2CDAD /* KeyboardShortcut.swift */ = {isa = PBXFileReference; lastKnownFileType = sourcecode.swift; path = KeyboardShortcut.swift; sourceTree = "<group>"; };
		867891B42EC0B35F00E2CDAD /* ShortcutRecorder.swift */ = {isa = PBXFileReference; lastKnownFileType = sourcecode.swift; path = ShortcutRecorder.swift; sourceTree = "<group>"; };
		86B531A72EC04858007DC54C /* DriveStatusBadge.swift */ = {isa = PBXFileReference; lastKnownFileType = sourcecode.swift; path = DriveStatusBadge.swift; sourceTree = "<group>"; };
		86B531A82EC04858007DC54C /* SettingsSection.swift */ = {isa = PBXFileReference; lastKnownFileType = sourcecode.swift; path = SettingsSection.swift; sourceTree = "<group>"; };
		86EE86FB2EC73FA0005146ED /* FSEventsMonitor.swift */ = {isa = PBXFileReference; lastKnownFileType = sourcecode.swift; path = FSEventsMonitor.swift; sourceTree = "<group>"; };
		86F76A972ECC2A2000039E10 /* DuplicatesView.swift */ = {isa = PBXFileReference; lastKnownFileType = sourcecode.swift; path = DuplicatesView.swift; sourceTree = "<group>"; };
		87000011 /* SettingsWindowView.swift */ = {isa = PBXFileReference; lastKnownFileType = sourcecode.swift; path = SettingsWindowView.swift; sourceTree = "<group>"; };
		87000012 /* SearchView.swift */ = {isa = PBXFileReference; lastKnownFileType = sourcecode.swift; path = SearchView.swift; sourceTree = "<group>"; };
		87000013 /* SettingsNavigationSidebar.swift */ = {isa = PBXFileReference; lastKnownFileType = sourcecode.swift; path = SettingsNavigationSidebar.swift; sourceTree = "<group>"; };
		87000014 /* SettingsNavigationItem.swift */ = {isa = PBXFileReference; lastKnownFileType = sourcecode.swift; path = SettingsNavigationItem.swift; sourceTree = "<group>"; };
		87000016 /* MainWindow.swift */ = {isa = PBXFileReference; lastKnownFileType = sourcecode.swift; path = MainWindow.swift; sourceTree = "<group>"; };
		87000017 /* MainWindowView.swift */ = {isa = PBXFileReference; lastKnownFileType = sourcecode.swift; path = MainWindowView.swift; sourceTree = "<group>"; };
/* End PBXFileReference section */

/* Begin PBXFrameworksBuildPhase section */
		1AFFFFFF /* Frameworks */ = {
			isa = PBXFrameworksBuildPhase;
			buildActionMask = 2147483647;
			files = (
			);
			runOnlyForDeploymentPostprocessing = 0;
		};
/* End PBXFrameworksBuildPhase section */

/* Begin PBXGroup section */
		1A100000 = {
			isa = PBXGroup;
			children = (
				1A100001 /* DriveIndex */,
				1A100002 /* Products */,
				86F76A962ECC299D00039E10 /* Recovered References */,
			);
			sourceTree = "<group>";
		};
		1A100001 /* DriveIndex */ = {
			isa = PBXGroup;
			children = (
				86653A0A2EC695FD00DD4FB3 /* Windows */,
				866227B82EC693D300B42819 /* AppDelegate.swift */,
				867891A72EC0655800E2CDAD /* Styles */,
				1A000000 /* DriveIndexApp.swift */,
				1A100003 /* Views */,
				1A100004 /* Models */,
				1A000010 /* Info.plist */,
				1A000011 /* DriveIndex.entitlements */,
			);
			path = DriveIndex;
			sourceTree = "<group>";
		};
		1A100002 /* Products */ = {
			isa = PBXGroup;
			children = (
				1AXXXXXX /* DriveIndex.app */,
			);
			name = Products;
			sourceTree = "<group>";
		};
		1A100003 /* Views */ = {
			isa = PBXGroup;
			children = (
				86F76A972ECC2A2000039E10 /* DuplicatesView.swift */,
				863AC5242ECBF6F400F215E7 /* DriveDetailView.swift */,
				86758BD22ECA78F100270DC6 /* TagInputView.swift */,
				863168382EC999E8007B6201 /* AdvancedView.swift */,
				863168392EC999E8007B6201 /* AppearanceView.swift */,
				E5DA1CF0DEB44944B1BD8C57 /* DuplicateSettingsView.swift */,
				8631683A2EC999E8007B6201 /* DrivesView.swift */,
				8631683B2EC999E8007B6201 /* FilesView.swift */,
				8631683C2EC999E8007B6201 /* IndexingView.swift */,
				8631683E2EC999E8007B6201 /* RaycastView.swift */,
				8631683F2EC999E8007B6201 /* ShortcutView.swift */,
				867891AE2EC0A55A00E2CDAD /* SearchResultsView.swift */,
				87000012 /* SearchView.swift */,
				87000011 /* SettingsWindowView.swift */,
				87000017 /* MainWindowView.swift */,
				86B531A92EC04858007DC54C /* Components */,
				1A000002 /* ContentView.swift */,
				1A000004 /* DriveListView.swift */,
			);
			path = Views;
			sourceTree = "<group>";
		};
		1A100004 /* Models */ = {
			isa = PBXGroup;
			children = (
				863BF7F62ECE757C0014E923 /* HashWorker.swift */,
				863168342EC999C3007B6201 /* NavigationItem.swift */,
				87000014 /* SettingsNavigationItem.swift */,
				8631682E2EC96F43007B6201 /* StorageAnalysis.swift */,
				863168322EC96F65007B6201 /* StorageCache.swift */,
				86EE86FB2EC73FA0005146ED /* FSEventsMonitor.swift */,
				867891B02EC0B34E00E2CDAD /* HotkeyManager.swift */,
				867891B12EC0B34E00E2CDAD /* KeyboardShortcut.swift */,
				867891AA2EC0A52600E2CDAD /* SearchManager.swift */,
				1A000008 /* DatabaseManager.swift */,
				1A00000A /* DriveMonitor.swift */,
				1A00000C /* FileIndexer.swift */,
				1A00000E /* IndexManager.swift */,
			);
			path = Models;
			sourceTree = "<group>";
		};
		86653A0A2EC695FD00DD4FB3 /* Windows */ = {
			isa = PBXGroup;
			children = (
				86653A092EC695FD00DD4FB3 /* FloatingPanel.swift */,
				86653A0F2EC695FF00DD4FB3 /* SettingsWindow.swift */,
				87000016 /* MainWindow.swift */,
			);
			path = Windows;
			sourceTree = "<group>";
		};
		867891A72EC0655800E2CDAD /* Styles */ = {
			isa = PBXGroup;
			children = (
				863168362EC999D3007B6201 /* DesignSystem.swift */,
				867891A52EC0655800E2CDAD /* Spacing.swift */,
				867891A62EC0655800E2CDAD /* Typography.swift */,
			);
			path = Styles;
			sourceTree = "<group>";
		};
		86B531A92EC04858007DC54C /* Components */ = {
			isa = PBXGroup;
			children = (
				863168322EC999A6007B6201 /* NavigationSidebar.swift */,
				87000013 /* SettingsNavigationSidebar.swift */,
				863168302EC96F54007B6201 /* StorageVisualizationView.swift */,
				867891B42EC0B35F00E2CDAD /* ShortcutRecorder.swift */,
				867891AC2EC0A53F00E2CDAD /* SearchBar.swift */,
				86B531A72EC04858007DC54C /* DriveStatusBadge.swift */,
				86B531A82EC04858007DC54C /* SettingsSection.swift */,
			);
			path = Components;
			sourceTree = "<group>";
		};
		86F76A962ECC299D00039E10 /* Recovered References */ = {
			isa = PBXGroup;
			children = (
			);
			name = "Recovered References";
			sourceTree = "<group>";
		};
/* End PBXGroup section */

/* Begin PBXNativeTarget section */
		1AYYYYYY /* DriveIndex */ = {
			isa = PBXNativeTarget;
			buildConfigurationList = 1AZZZZZ1 /* Build configuration list for PBXNativeTarget "DriveIndex" */;
			buildPhases = (
				1AZZZZZ2 /* Sources */,
				1AFFFFFF /* Frameworks */,
				1AZZZZZ3 /* Resources */,
			);
			buildRules = (
			);
			dependencies = (
			);
			name = DriveIndex;
			productName = DriveIndex;
			productReference = 1AXXXXXX /* DriveIndex.app */;
			productType = "com.apple.product-type.application";
		};
/* End PBXNativeTarget section */

/* Begin PBXProject section */
		1A200000 /* Project object */ = {
			isa = PBXProject;
			attributes = {
				BuildIndependentTargetsInParallel = 1;
				LastSwiftUpdateCheck = 1500;
				LastUpgradeCheck = 2610;
				TargetAttributes = {
					1AYYYYYY = {
						CreatedOnToolsVersion = 15.0;
					};
				};
			};
			buildConfigurationList = 1A200001 /* Build configuration list for PBXProject "DriveIndex" */;
			compatibilityVersion = "Xcode 14.0";
			developmentRegion = en;
			hasScannedForEncodings = 0;
			knownRegions = (
				en,
				Base,
			);
			mainGroup = 1A100000;
			packageReferences = (
			);
			productRefGroup = 1A100002 /* Products */;
			projectDirPath = "";
			projectRoot = "";
			targets = (
				1AYYYYYY /* DriveIndex */,
			);
		};
/* End PBXProject section */

/* Begin PBXResourcesBuildPhase section */
		1AZZZZZ3 /* Resources */ = {
			isa = PBXResourcesBuildPhase;
			buildActionMask = 2147483647;
			files = (
			);
			runOnlyForDeploymentPostprocessing = 0;
		};
/* End PBXResourcesBuildPhase section */

/* Begin PBXSourcesBuildPhase section */
		1AZZZZZ2 /* Sources */ = {
			isa = PBXSourcesBuildPhase;
			buildActionMask = 2147483647;
			files = (
				863168312EC96F54007B6201 /* StorageVisualizationView.swift in Sources */,
				867891B22EC0B34E00E2CDAD /* HotkeyManager.swift in Sources */,
				867891B32EC0B34E00E2CDAD /* KeyboardShortcut.swift in Sources */,
				86653A0B2EC695FD00DD4FB3 /* FloatingPanel.swift in Sources */,
				86653A0D2EC695FF00DD4FB3 /* SettingsWindow.swift in Sources */,
				8631682F2EC96F43007B6201 /* StorageAnalysis.swift in Sources */,
				863168332EC96F65007B6201 /* StorageCache.swift in Sources */,
				863168352EC999C3007B6201 /* NavigationItem.swift in Sources */,
				86B531AA2EC04858007DC54C /* SettingsSection.swift in Sources */,
				86F76A982ECC2A2000039E10 /* DuplicatesView.swift in Sources */,
				867891AF2EC0A55A00E2CDAD /* SearchResultsView.swift in Sources */,
				86B531AB2EC04858007DC54C /* DriveStatusBadge.swift in Sources */,
				863168402EC999E8007B6201 /* FilesView.swift in Sources */,
				863168412EC999E8007B6201 /* MainWindowView.swift in Sources */,
				863168422EC999E8007B6201 /* AppearanceView.swift in Sources */,
				863168432EC999E8007B6201 /* AdvancedView.swift in Sources */,
				8305C1EBAB7645EAB3D0CC67 /* DuplicateSettingsView.swift in Sources */,
				863168442EC999E8007B6201 /* DrivesView.swift in Sources */,
				863168452EC999E8007B6201 /* IndexingView.swift in Sources */,
				863168462EC999E8007B6201 /* RaycastView.swift in Sources */,
				863168472EC999E8007B6201 /* ShortcutView.swift in Sources */,
				1A000001 /* DriveIndexApp.swift in Sources */,
				1A000003 /* ContentView.swift in Sources */,
				1A000005 /* DriveListView.swift in Sources */,
				86EE86FC2EC73FA0005146ED /* FSEventsMonitor.swift in Sources */,
				867891A82EC0655800E2CDAD /* Spacing.swift in Sources */,
				867891A92EC0655800E2CDAD /* Typography.swift in Sources */,
				1A000009 /* DatabaseManager.swift in Sources */,
				1A00000B /* DriveMonitor.swift in Sources */,
				1A00000D /* FileIndexer.swift in Sources */,
				1A00000F /* IndexManager.swift in Sources */,
				863AC5252ECBF6F400F215E7 /* DriveDetailView.swift in Sources */,
				867891AD2EC0A53F00E2CDAD /* SearchBar.swift in Sources */,
				863BF7F72ECE757C0014E923 /* HashWorker.swift in Sources */,
				863168332EC999A6007B6201 /* NavigationSidebar.swift in Sources */,
				867891AB2EC0A52600E2CDAD /* SearchManager.swift in Sources */,
				86758BD32ECA78F200270DC6 /* TagInputView.swift in Sources */,
				863168372EC999D3007B6201 /* DesignSystem.swift in Sources */,
				867891B52EC0B35F00E2CDAD /* ShortcutRecorder.swift in Sources */,
				866227B92EC693D300B42819 /* AppDelegate.swift in Sources */,
				87000001 /* SettingsWindowView.swift in Sources */,
				87000002 /* SearchView.swift in Sources */,
				87000003 /* SettingsNavigationSidebar.swift in Sources */,
				87000004 /* SettingsNavigationItem.swift in Sources */,
				87000006 /* MainWindow.swift in Sources */,
				87000007 /* MainWindowView.swift in Sources */,
			);
			runOnlyForDeploymentPostprocessing = 0;
		};
/* End PBXSourcesBuildPhase section */

/* Begin XCBuildConfiguration section */
		1A300000 /* Debug */ = {
			isa = XCBuildConfiguration;
			buildSettings = {
				ALWAYS_SEARCH_USER_PATHS = NO;
				ASSETCATALOG_COMPILER_GENERATE_SWIFT_ASSET_SYMBOL_EXTENSIONS = YES;
				CLANG_ANALYZER_NONNULL = YES;
				CLANG_ANALYZER_NUMBER_OBJECT_CONVERSION = YES_AGGRESSIVE;
				CLANG_CXX_LANGUAGE_STANDARD = "gnu++20";
				CLANG_ENABLE_MODULES = YES;
				CLANG_ENABLE_OBJC_ARC = YES;
				CLANG_ENABLE_OBJC_WEAK = YES;
				CLANG_WARN_BLOCK_CAPTURE_AUTORELEASING = YES;
				CLANG_WARN_BOOL_CONVERSION = YES;
				CLANG_WARN_COMMA = YES;
				CLANG_WARN_CONSTANT_CONVERSION = YES;
				CLANG_WARN_DEPRECATED_OBJC_IMPLEMENTATIONS = YES;
				CLANG_WARN_DIRECT_OBJC_ISA_USAGE = YES_ERROR;
				CLANG_WARN_DOCUMENTATION_COMMENTS = YES;
				CLANG_WARN_EMPTY_BODY = YES;
				CLANG_WARN_ENUM_CONVERSION = YES;
				CLANG_WARN_INFINITE_RECURSION = YES;
				CLANG_WARN_INT_CONVERSION = YES;
				CLANG_WARN_NON_LITERAL_NULL_CONVERSION = YES;
				CLANG_WARN_OBJC_IMPLICIT_RETAIN_SELF = YES;
				CLANG_WARN_OBJC_LITERAL_CONVERSION = YES;
				CLANG_WARN_OBJC_ROOT_CLASS = YES_ERROR;
				CLANG_WARN_QUOTED_INCLUDE_IN_FRAMEWORK_HEADER = YES;
				CLANG_WARN_RANGE_LOOP_ANALYSIS = YES;
				CLANG_WARN_STRICT_PROTOTYPES = YES;
				CLANG_WARN_SUSPICIOUS_MOVE = YES;
				CLANG_WARN_UNGUARDED_AVAILABILITY = YES_AGGRESSIVE;
				CLANG_WARN_UNREACHABLE_CODE = YES;
				CLANG_WARN__DUPLICATE_METHOD_MATCH = YES;
				COPY_PHASE_STRIP = NO;
				DEAD_CODE_STRIPPING = YES;
				DEBUG_INFORMATION_FORMAT = dwarf;
				ENABLE_STRICT_OBJC_MSGSEND = YES;
				ENABLE_TESTABILITY = YES;
				ENABLE_USER_SCRIPT_SANDBOXING = YES;
				GCC_C_LANGUAGE_STANDARD = gnu17;
				GCC_DYNAMIC_NO_PIC = NO;
				GCC_NO_COMMON_BLOCKS = YES;
				GCC_OPTIMIZATION_LEVEL = 0;
				GCC_PREPROCESSOR_DEFINITIONS = (
					"DEBUG=1",
					"$(inherited)",
				);
				GCC_WARN_64_TO_32_BIT_CONVERSION = YES;
				GCC_WARN_ABOUT_RETURN_TYPE = YES_ERROR;
				GCC_WARN_UNDECLARED_SELECTOR = YES;
				GCC_WARN_UNINITIALIZED_AUTOS = YES_AGGRESSIVE;
				GCC_WARN_UNUSED_FUNCTION = YES;
				GCC_WARN_UNUSED_VARIABLE = YES;
				LOCALIZATION_PREFERS_STRING_CATALOGS = YES;
				MACOSX_DEPLOYMENT_TARGET = 14.0;
				MTL_ENABLE_DEBUG_INFO = INCLUDE_SOURCE;
				MTL_FAST_MATH = YES;
				ONLY_ACTIVE_ARCH = YES;
				SDKROOT = macosx;
				STRING_CATALOG_GENERATE_SYMBOLS = YES;
				SWIFT_ACTIVE_COMPILATION_CONDITIONS = "DEBUG $(inherited)";
				SWIFT_OPTIMIZATION_LEVEL = "-Onone";
			};
			name = Debug;
		};
		1A300001 /* Release */ = {
			isa = XCBuildConfiguration;
			buildSettings = {
				ALWAYS_SEARCH_USER_PATHS = NO;
				ASSETCATALOG_COMPILER_GENERATE_SWIFT_ASSET_SYMBOL_EXTENSIONS = YES;
				CLANG_ANALYZER_NONNULL = YES;
				CLANG_ANALYZER_NUMBER_OBJECT_CONVERSION = YES_AGGRESSIVE;
				CLANG_CXX_LANGUAGE_STANDARD = "gnu++20";
				CLANG_ENABLE_MODULES = YES;
				CLANG_ENABLE_OBJC_ARC = YES;
				CLANG_ENABLE_OBJC_WEAK = YES;
				CLANG_WARN_BLOCK_CAPTURE_AUTORELEASING = YES;
				CLANG_WARN_BOOL_CONVERSION = YES;
				CLANG_WARN_COMMA = YES;
				CLANG_WARN_CONSTANT_CONVERSION = YES;
				CLANG_WARN_DEPRECATED_OBJC_IMPLEMENTATIONS = YES;
				CLANG_WARN_DIRECT_OBJC_ISA_USAGE = YES_ERROR;
				CLANG_WARN_DOCUMENTATION_COMMENTS = YES;
				CLANG_WARN_EMPTY_BODY = YES;
				CLANG_WARN_ENUM_CONVERSION = YES;
				CLANG_WARN_INFINITE_RECURSION = YES;
				CLANG_WARN_INT_CONVERSION = YES;
				CLANG_WARN_NON_LITERAL_NULL_CONVERSION = YES;
				CLANG_WARN_OBJC_IMPLICIT_RETAIN_SELF = YES;
				CLANG_WARN_OBJC_LITERAL_CONVERSION = YES;
				CLANG_WARN_OBJC_ROOT_CLASS = YES_ERROR;
				CLANG_WARN_QUOTED_INCLUDE_IN_FRAMEWORK_HEADER = YES;
				CLANG_WARN_RANGE_LOOP_ANALYSIS = YES;
				CLANG_WARN_STRICT_PROTOTYPES = YES;
				CLANG_WARN_SUSPICIOUS_MOVE = YES;
				CLANG_WARN_UNGUARDED_AVAILABILITY = YES_AGGRESSIVE;
				CLANG_WARN_UNREACHABLE_CODE = YES;
				CLANG_WARN__DUPLICATE_METHOD_MATCH = YES;
				COPY_PHASE_STRIP = NO;
				DEAD_CODE_STRIPPING = YES;
				DEBUG_INFORMATION_FORMAT = "dwarf-with-dsym";
				ENABLE_NS_ASSERTIONS = NO;
				ENABLE_STRICT_OBJC_MSGSEND = YES;
				ENABLE_USER_SCRIPT_SANDBOXING = YES;
				GCC_C_LANGUAGE_STANDARD = gnu17;
				GCC_NO_COMMON_BLOCKS = YES;
				GCC_WARN_64_TO_32_BIT_CONVERSION = YES;
				GCC_WARN_ABOUT_RETURN_TYPE = YES_ERROR;
				GCC_WARN_UNDECLARED_SELECTOR = YES;
				GCC_WARN_UNINITIALIZED_AUTOS = YES_AGGRESSIVE;
				GCC_WARN_UNUSED_FUNCTION = YES;
				GCC_WARN_UNUSED_VARIABLE = YES;
				LOCALIZATION_PREFERS_STRING_CATALOGS = YES;
				MACOSX_DEPLOYMENT_TARGET = 14.0;
				MTL_ENABLE_DEBUG_INFO = NO;
				MTL_FAST_MATH = YES;
				SDKROOT = macosx;
				STRING_CATALOG_GENERATE_SYMBOLS = YES;
				SWIFT_COMPILATION_MODE = wholemodule;
			};
			name = Release;
		};
		1A300002 /* Debug */ = {
			isa = XCBuildConfiguration;
			buildSettings = {
				ASSETCATALOG_COMPILER_APPICON_NAME = SlopDriveIndex;
				ASSETCATALOG_COMPILER_GLOBAL_ACCENT_COLOR_NAME = AccentColor;
				CODE_SIGN_ENTITLEMENTS = DriveIndex/DriveIndex.entitlements;
				CODE_SIGN_IDENTITY = "Apple Development";
				"CODE_SIGN_IDENTITY[sdk=macosx*]" = "-";
				CODE_SIGN_STYLE = Automatic;
				COMBINE_HIDPI_IMAGES = YES;
				CURRENT_PROJECT_VERSION = 1;
				DEAD_CODE_STRIPPING = YES;
				DEVELOPMENT_TEAM = "";
				ENABLE_APP_SANDBOX = NO;
				ENABLE_FILE_ACCESS_DOWNLOADS_FOLDER = readwrite;
				ENABLE_HARDENED_RUNTIME = YES;
				ENABLE_PREVIEWS = YES;
				ENABLE_USER_SELECTED_FILES = readwrite;
				GENERATE_INFOPLIST_FILE = NO;
				INFOPLIST_FILE = DriveIndex/Info.plist;
				INFOPLIST_KEY_LSUIElement = YES;
				INFOPLIST_KEY_NSHumanReadableCopyright = "";
				LD_RUNPATH_SEARCH_PATHS = (
					"$(inherited)",
					"@executable_path/../Frameworks",
				);
				MARKETING_VERSION = 1.0;
				PRODUCT_BUNDLE_IDENTIFIER = com.driveindex.DriveIndex;
				PRODUCT_NAME = "$(TARGET_NAME)";
				PROVISIONING_PROFILE_SPECIFIER = "";
				SWIFT_EMIT_LOC_STRINGS = YES;
				SWIFT_VERSION = 5.0;
			};
			name = Debug;
		};
		1A300003 /* Release */ = {
			isa = XCBuildConfiguration;
			buildSettings = {
				ASSETCATALOG_COMPILER_APPICON_NAME = SlopDriveIndex;
				ASSETCATALOG_COMPILER_GLOBAL_ACCENT_COLOR_NAME = AccentColor;
				CODE_SIGN_ENTITLEMENTS = DriveIndex/DriveIndex.entitlements;
				CODE_SIGN_IDENTITY = "Apple Development";
				"CODE_SIGN_IDENTITY[sdk=macosx*]" = "-";
				CODE_SIGN_STYLE = Automatic;
				COMBINE_HIDPI_IMAGES = YES;
				CURRENT_PROJECT_VERSION = 1;
				DEAD_CODE_STRIPPING = YES;
				DEVELOPMENT_TEAM = "";
				ENABLE_APP_SANDBOX = NO;
				ENABLE_FILE_ACCESS_DOWNLOADS_FOLDER = readwrite;
				ENABLE_HARDENED_RUNTIME = YES;
				ENABLE_PREVIEWS = YES;
				ENABLE_USER_SELECTED_FILES = readwrite;
				GENERATE_INFOPLIST_FILE = NO;
				INFOPLIST_FILE = DriveIndex/Info.plist;
				INFOPLIST_KEY_LSUIElement = YES;
				INFOPLIST_KEY_NSHumanReadableCopyright = "";
				LD_RUNPATH_SEARCH_PATHS = (
					"$(inherited)",
					"@executable_path/../Frameworks",
				);
				MARKETING_VERSION = 1.0;
				PRODUCT_BUNDLE_IDENTIFIER = com.driveindex.DriveIndex;
				PRODUCT_NAME = "$(TARGET_NAME)";
				PROVISIONING_PROFILE_SPECIFIER = "";
				SWIFT_EMIT_LOC_STRINGS = YES;
				SWIFT_VERSION = 5.0;
			};
			name = Release;
		};
/* End XCBuildConfiguration section */

/* Begin XCConfigurationList section */
		1A200001 /* Build configuration list for PBXProject "DriveIndex" */ = {
			isa = XCConfigurationList;
			buildConfigurations = (
				1A300000 /* Debug */,
				1A300001 /* Release */,
			);
			defaultConfigurationIsVisible = 0;
			defaultConfigurationName = Release;
		};
		1AZZZZZ1 /* Build configuration list for PBXNativeTarget "DriveIndex" */ = {
			isa = XCConfigurationList;
			buildConfigurations = (
				1A300002 /* Debug */,
				1A300003 /* Release */,
			);
			defaultConfigurationIsVisible = 0;
			defaultConfigurationName = Release;
		};
/* End XCConfigurationList section */
	};
	rootObject = 1A200000 /* Project object */;
}
