// !$*UTF8*$!
{
	archiveVersion = 1;
	classes = {
	};
	objectVersion = 56;
	objects = {

/* Begin PBXBuildFile section */
		1A000001 /* DriveIndexApp.swift in Sources */ = {isa = PBXBuildFile; fileRef = 1A000000 /* DriveIndexApp.swift */; };
		1A000003 /* ContentView.swift in Sources */ = {isa = PBXBuildFile; fileRef = 1A000002 /* ContentView.swift */; };
		1A000005 /* DriveListView.swift in Sources */ = {isa = PBXBuildFile; fileRef = 1A000004 /* DriveListView.swift */; };
		1A000007 /* SettingsView.swift in Sources */ = {isa = PBXBuildFile; fileRef = 1A000006 /* SettingsView.swift */; };
		1A000009 /* DatabaseManager.swift in Sources */ = {isa = PBXBuildFile; fileRef = 1A000008 /* DatabaseManager.swift */; };
		1A00000B /* DriveMonitor.swift in Sources */ = {isa = PBXBuildFile; fileRef = 1A00000A /* DriveMonitor.swift */; };
		1A00000D /* FileIndexer.swift in Sources */ = {isa = PBXBuildFile; fileRef = 1A00000C /* FileIndexer.swift */; };
		1A00000F /* IndexManager.swift in Sources */ = {isa = PBXBuildFile; fileRef = 1A00000E /* IndexManager.swift */; };
		867891A82EC0655800E2CDAD /* Spacing.swift in Sources */ = {isa = PBXBuildFile; fileRef = 867891A52EC0655800E2CDAD /* Spacing.swift */; };
		867891A92EC0655800E2CDAD /* Typography.swift in Sources */ = {isa = PBXBuildFile; fileRef = 867891A62EC0655800E2CDAD /* Typography.swift */; };
		86B531A42EC04845007DC54C /* AboutView.swift in Sources */ = {isa = PBXBuildFile; fileRef = 86B531A02EC04845007DC54C /* AboutView.swift */; };
		86B531A52EC04845007DC54C /* AdvancedSettingsView.swift in Sources */ = {isa = PBXBuildFile; fileRef = 86B531A12EC04845007DC54C /* AdvancedSettingsView.swift */; };
		86B531A62EC04845007DC54C /* ExclusionsSettingsView.swift in Sources */ = {isa = PBXBuildFile; fileRef = 86B531A22EC04845007DC54C /* ExclusionsSettingsView.swift */; };
		86B531AA2EC04858007DC54C /* SettingsSection.swift in Sources */ = {isa = PBXBuildFile; fileRef = 86B531A82EC04858007DC54C /* SettingsSection.swift */; };
		86B531AB2EC04858007DC54C /* DriveStatusBadge.swift in Sources */ = {isa = PBXBuildFile; fileRef = 86B531A72EC04858007DC54C /* DriveStatusBadge.swift */; };
/* End PBXBuildFile section */

/* Begin PBXFileReference section */
		1A000000 /* DriveIndexApp.swift */ = {isa = PBXFileReference; lastKnownFileType = sourcecode.swift; path = DriveIndexApp.swift; sourceTree = "<group>"; };
		1A000002 /* ContentView.swift */ = {isa = PBXFileReference; lastKnownFileType = sourcecode.swift; path = ContentView.swift; sourceTree = "<group>"; };
		1A000004 /* DriveListView.swift */ = {isa = PBXFileReference; lastKnownFileType = sourcecode.swift; path = DriveListView.swift; sourceTree = "<group>"; };
		1A000006 /* SettingsView.swift */ = {isa = PBXFileReference; lastKnownFileType = sourcecode.swift; path = SettingsView.swift; sourceTree = "<group>"; };
		1A000008 /* DatabaseManager.swift */ = {isa = PBXFileReference; lastKnownFileType = sourcecode.swift; path = DatabaseManager.swift; sourceTree = "<group>"; };
		1A00000A /* DriveMonitor.swift */ = {isa = PBXFileReference; lastKnownFileType = sourcecode.swift; path = DriveMonitor.swift; sourceTree = "<group>"; };
		1A00000C /* FileIndexer.swift */ = {isa = PBXFileReference; lastKnownFileType = sourcecode.swift; path = FileIndexer.swift; sourceTree = "<group>"; };
		1A00000E /* IndexManager.swift */ = {isa = PBXFileReference; lastKnownFileType = sourcecode.swift; path = IndexManager.swift; sourceTree = "<group>"; };
		1A000010 /* Info.plist */ = {isa = PBXFileReference; lastKnownFileType = text.plist.xml; path = Info.plist; sourceTree = "<group>"; };
		1A000011 /* DriveIndex.entitlements */ = {isa = PBXFileReference; lastKnownFileType = text.plist.entitlements; path = DriveIndex.entitlements; sourceTree = "<group>"; };
		1AXXXXXX /* DriveIndex.app */ = {isa = PBXFileReference; explicitFileType = wrapper.application; includeInIndex = 0; path = DriveIndex.app; sourceTree = BUILT_PRODUCTS_DIR; };
		867891A52EC0655800E2CDAD /* Spacing.swift */ = {isa = PBXFileReference; lastKnownFileType = sourcecode.swift; path = Spacing.swift; sourceTree = "<group>"; };
		867891A62EC0655800E2CDAD /* Typography.swift */ = {isa = PBXFileReference; lastKnownFileType = sourcecode.swift; path = Typography.swift; sourceTree = "<group>"; };
		86B531A02EC04845007DC54C /* AboutView.swift */ = {isa = PBXFileReference; lastKnownFileType = sourcecode.swift; path = AboutView.swift; sourceTree = "<group>"; };
		86B531A12EC04845007DC54C /* AdvancedSettingsView.swift */ = {isa = PBXFileReference; lastKnownFileType = sourcecode.swift; path = AdvancedSettingsView.swift; sourceTree = "<group>"; };
		86B531A22EC04845007DC54C /* ExclusionsSettingsView.swift */ = {isa = PBXFileReference; lastKnownFileType = sourcecode.swift; path = ExclusionsSettingsView.swift; sourceTree = "<group>"; };
		86B531A72EC04858007DC54C /* DriveStatusBadge.swift */ = {isa = PBXFileReference; lastKnownFileType = sourcecode.swift; path = DriveStatusBadge.swift; sourceTree = "<group>"; };
		86B531A82EC04858007DC54C /* SettingsSection.swift */ = {isa = PBXFileReference; lastKnownFileType = sourcecode.swift; path = SettingsSection.swift; sourceTree = "<group>"; };
/* End PBXFileReference section */

/* Begin PBXFrameworksBuildPhase section */
		1AFFFFFF /* Frameworks */ = {
			isa = PBXFrameworksBuildPhase;
			buildActionMask = 2147483647;
			files = (
			);
			runOnlyForDeploymentPostprocessing = 0;
		};
/* End PBXFrameworksBuildPhase section */

/* Begin PBXGroup section */
		1A100000 = {
			isa = PBXGroup;
			children = (
				1A100001 /* DriveIndex */,
				1A100002 /* Products */,
			);
			sourceTree = "<group>";
		};
		1A100001 /* DriveIndex */ = {
			isa = PBXGroup;
			children = (
				867891A72EC0655800E2CDAD /* Styles */,
				1A000000 /* DriveIndexApp.swift */,
				1A100003 /* Views */,
				1A100004 /* Models */,
				1A000010 /* Info.plist */,
				1A000011 /* DriveIndex.entitlements */,
			);
			path = DriveIndex;
			sourceTree = "<group>";
		};
		1A100002 /* Products */ = {
			isa = PBXGroup;
			children = (
				1AXXXXXX /* DriveIndex.app */,
			);
			name = Products;
			sourceTree = "<group>";
		};
		1A100003 /* Views */ = {
			isa = PBXGroup;
			children = (
				86B531A92EC04858007DC54C /* Components */,
				86B531A32EC04845007DC54C /* Settings */,
				1A000002 /* ContentView.swift */,
				1A000004 /* DriveListView.swift */,
				1A000006 /* SettingsView.swift */,
			);
			path = Views;
			sourceTree = "<group>";
		};
		1A100004 /* Models */ = {
			isa = PBXGroup;
			children = (
				1A000008 /* DatabaseManager.swift */,
				1A00000A /* DriveMonitor.swift */,
				1A00000C /* FileIndexer.swift */,
				1A00000E /* IndexManager.swift */,
			);
			path = Models;
			sourceTree = "<group>";
		};
		867891A72EC0655800E2CDAD /* Styles */ = {
			isa = PBXGroup;
			children = (
				867891A52EC0655800E2CDAD /* Spacing.swift */,
				867891A62EC0655800E2CDAD /* Typography.swift */,
			);
			path = Styles;
			sourceTree = "<group>";
		};
		86B531A32EC04845007DC54C /* Settings */ = {
			isa = PBXGroup;
			children = (
				86B531A02EC04845007DC54C /* AboutView.swift */,
				86B531A12EC04845007DC54C /* AdvancedSettingsView.swift */,
				86B531A22EC04845007DC54C /* ExclusionsSettingsView.swift */,
			);
			path = Settings;
			sourceTree = "<group>";
		};
		86B531A92EC04858007DC54C /* Components */ = {
			isa = PBXGroup;
			children = (
				86B531A72EC04858007DC54C /* DriveStatusBadge.swift */,
				86B531A82EC04858007DC54C /* SettingsSection.swift */,
			);
			path = Components;
			sourceTree = "<group>";
		};
/* End PBXGroup section */

/* Begin PBXNativeTarget section */
		1AYYYYYY /* DriveIndex */ = {
			isa = PBXNativeTarget;
			buildConfigurationList = 1AZZZZZ1 /* Build configuration list for PBXNativeTarget "DriveIndex" */;
			buildPhases = (
				1AZZZZZ2 /* Sources */,
				1AFFFFFF /* Frameworks */,
				1AZZZZZ3 /* Resources */,
			);
			buildRules = (
			);
			dependencies = (
			);
			name = DriveIndex;
			productName = DriveIndex;
			productReference = 1AXXXXXX /* DriveIndex.app */;
			productType = "com.apple.product-type.application";
		};
/* End PBXNativeTarget section */

/* Begin PBXProject section */
		1A200000 /* Project object */ = {
			isa = PBXProject;
			attributes = {
				BuildIndependentTargetsInParallel = 1;
				LastSwiftUpdateCheck = 1500;
				LastUpgradeCheck = 2610;
				TargetAttributes = {
					1AYYYYYY = {
						CreatedOnToolsVersion = 15.0;
					};
				};
			};
			buildConfigurationList = 1A200001 /* Build configuration list for PBXProject "DriveIndex" */;
			compatibilityVersion = "Xcode 14.0";
			developmentRegion = en;
			hasScannedForEncodings = 0;
			knownRegions = (
				en,
				Base,
			);
			mainGroup = 1A100000;
			productRefGroup = 1A100002 /* Products */;
			projectDirPath = "";
			projectRoot = "";
			targets = (
				1AYYYYYY /* DriveIndex */,
			);
		};
/* End PBXProject section */

/* Begin PBXResourcesBuildPhase section */
		1AZZZZZ3 /* Resources */ = {
			isa = PBXResourcesBuildPhase;
			buildActionMask = 2147483647;
			files = (
			);
			runOnlyForDeploymentPostprocessing = 0;
		};
/* End PBXResourcesBuildPhase section */

/* Begin PBXSourcesBuildPhase section */
		1AZZZZZ2 /* Sources */ = {
			isa = PBXSourcesBuildPhase;
			buildActionMask = 2147483647;
			files = (
				86B531AA2EC04858007DC54C /* SettingsSection.swift in Sources */,
				86B531AB2EC04858007DC54C /* DriveStatusBadge.swift in Sources */,
				1A000001 /* DriveIndexApp.swift in Sources */,
				1A000003 /* ContentView.swift in Sources */,
				1A000005 /* DriveListView.swift in Sources */,
				867891A82EC0655800E2CDAD /* Spacing.swift in Sources */,
				867891A92EC0655800E2CDAD /* Typography.swift in Sources */,
				1A000007 /* SettingsView.swift in Sources */,
				1A000009 /* DatabaseManager.swift in Sources */,
				1A00000B /* DriveMonitor.swift in Sources */,
				1A00000D /* FileIndexer.swift in Sources */,
				1A00000F /* IndexManager.swift in Sources */,
				86B531A42EC04845007DC54C /* AboutView.swift in Sources */,
				86B531A52EC04845007DC54C /* AdvancedSettingsView.swift in Sources */,
				86B531A62EC04845007DC54C /* ExclusionsSettingsView.swift in Sources */,
			);
			runOnlyForDeploymentPostprocessing = 0;
		};
/* End PBXSourcesBuildPhase section */

/* Begin XCBuildConfiguration section */
		1A300000 /* Debug */ = {
			isa = XCBuildConfiguration;
			buildSettings = {
				ALWAYS_SEARCH_USER_PATHS = NO;
				ASSETCATALOG_COMPILER_GENERATE_SWIFT_ASSET_SYMBOL_EXTENSIONS = YES;
				CLANG_ANALYZER_NONNULL = YES;
				CLANG_ANALYZER_NUMBER_OBJECT_CONVERSION = YES_AGGRESSIVE;
				CLANG_CXX_LANGUAGE_STANDARD = "gnu++20";
				CLANG_ENABLE_MODULES = YES;
				CLANG_ENABLE_OBJC_ARC = YES;
				CLANG_ENABLE_OBJC_WEAK = YES;
				CLANG_WARN_BLOCK_CAPTURE_AUTORELEASING = YES;
				CLANG_WARN_BOOL_CONVERSION = YES;
				CLANG_WARN_COMMA = YES;
				CLANG_WARN_CONSTANT_CONVERSION = YES;
				CLANG_WARN_DEPRECATED_OBJC_IMPLEMENTATIONS = YES;
				CLANG_WARN_DIRECT_OBJC_ISA_USAGE = YES_ERROR;
				CLANG_WARN_DOCUMENTATION_COMMENTS = YES;
				CLANG_WARN_EMPTY_BODY = YES;
				CLANG_WARN_ENUM_CONVERSION = YES;
				CLANG_WARN_INFINITE_RECURSION = YES;
				CLANG_WARN_INT_CONVERSION = YES;
				CLANG_WARN_NON_LITERAL_NULL_CONVERSION = YES;
				CLANG_WARN_OBJC_IMPLICIT_RETAIN_SELF = YES;
				CLANG_WARN_OBJC_LITERAL_CONVERSION = YES;
				CLANG_WARN_OBJC_ROOT_CLASS = YES_ERROR;
				CLANG_WARN_QUOTED_INCLUDE_IN_FRAMEWORK_HEADER = YES;
				CLANG_WARN_RANGE_LOOP_ANALYSIS = YES;
				CLANG_WARN_STRICT_PROTOTYPES = YES;
				CLANG_WARN_SUSPICIOUS_MOVE = YES;
				CLANG_WARN_UNGUARDED_AVAILABILITY = YES_AGGRESSIVE;
				CLANG_WARN_UNREACHABLE_CODE = YES;
				CLANG_WARN__DUPLICATE_METHOD_MATCH = YES;
				COPY_PHASE_STRIP = NO;
				DEAD_CODE_STRIPPING = YES;
				DEBUG_INFORMATION_FORMAT = dwarf;
				ENABLE_STRICT_OBJC_MSGSEND = YES;
				ENABLE_TESTABILITY = YES;
				ENABLE_USER_SCRIPT_SANDBOXING = YES;
				GCC_C_LANGUAGE_STANDARD = gnu17;
				GCC_DYNAMIC_NO_PIC = NO;
				GCC_NO_COMMON_BLOCKS = YES;
				GCC_OPTIMIZATION_LEVEL = 0;
				GCC_PREPROCESSOR_DEFINITIONS = (
					"DEBUG=1",
					"$(inherited)",
				);
				GCC_WARN_64_TO_32_BIT_CONVERSION = YES;
				GCC_WARN_ABOUT_RETURN_TYPE = YES_ERROR;
				GCC_WARN_UNDECLARED_SELECTOR = YES;
				GCC_WARN_UNINITIALIZED_AUTOS = YES_AGGRESSIVE;
				GCC_WARN_UNUSED_FUNCTION = YES;
				GCC_WARN_UNUSED_VARIABLE = YES;
				LOCALIZATION_PREFERS_STRING_CATALOGS = YES;
				MACOSX_DEPLOYMENT_TARGET = 13.0;
				MTL_ENABLE_DEBUG_INFO = INCLUDE_SOURCE;
				MTL_FAST_MATH = YES;
				ONLY_ACTIVE_ARCH = YES;
				SDKROOT = macosx;
				STRING_CATALOG_GENERATE_SYMBOLS = YES;
				SWIFT_ACTIVE_COMPILATION_CONDITIONS = "DEBUG $(inherited)";
				SWIFT_OPTIMIZATION_LEVEL = "-Onone";
			};
			name = Debug;
		};
		1A300001 /* Release */ = {
			isa = XCBuildConfiguration;
			buildSettings = {
				ALWAYS_SEARCH_USER_PATHS = NO;
				ASSETCATALOG_COMPILER_GENERATE_SWIFT_ASSET_SYMBOL_EXTENSIONS = YES;
				CLANG_ANALYZER_NONNULL = YES;
				CLANG_ANALYZER_NUMBER_OBJECT_CONVERSION = YES_AGGRESSIVE;
				CLANG_CXX_LANGUAGE_STANDARD = "gnu++20";
				CLANG_ENABLE_MODULES = YES;
				CLANG_ENABLE_OBJC_ARC = YES;
				CLANG_ENABLE_OBJC_WEAK = YES;
				CLANG_WARN_BLOCK_CAPTURE_AUTORELEASING = YES;
				CLANG_WARN_BOOL_CONVERSION = YES;
				CLANG_WARN_COMMA = YES;
				CLANG_WARN_CONSTANT_CONVERSION = YES;
				CLANG_WARN_DEPRECATED_OBJC_IMPLEMENTATIONS = YES;
				CLANG_WARN_DIRECT_OBJC_ISA_USAGE = YES_ERROR;
				CLANG_WARN_DOCUMENTATION_COMMENTS = YES;
				CLANG_WARN_EMPTY_BODY = YES;
				CLANG_WARN_ENUM_CONVERSION = YES;
				CLANG_WARN_INFINITE_RECURSION = YES;
				CLANG_WARN_INT_CONVERSION = YES;
				CLANG_WARN_NON_LITERAL_NULL_CONVERSION = YES;
				CLANG_WARN_OBJC_IMPLICIT_RETAIN_SELF = YES;
				CLANG_WARN_OBJC_LITERAL_CONVERSION = YES;
				CLANG_WARN_OBJC_ROOT_CLASS = YES_ERROR;
				CLANG_WARN_QUOTED_INCLUDE_IN_FRAMEWORK_HEADER = YES;
				CLANG_WARN_RANGE_LOOP_ANALYSIS = YES;
				CLANG_WARN_STRICT_PROTOTYPES = YES;
				CLANG_WARN_SUSPICIOUS_MOVE = YES;
				CLANG_WARN_UNGUARDED_AVAILABILITY = YES_AGGRESSIVE;
				CLANG_WARN_UNREACHABLE_CODE = YES;
				CLANG_WARN__DUPLICATE_METHOD_MATCH = YES;
				COPY_PHASE_STRIP = NO;
				DEAD_CODE_STRIPPING = YES;
				DEBUG_INFORMATION_FORMAT = "dwarf-with-dsym";
				ENABLE_NS_ASSERTIONS = NO;
				ENABLE_STRICT_OBJC_MSGSEND = YES;
				ENABLE_USER_SCRIPT_SANDBOXING = YES;
				GCC_C_LANGUAGE_STANDARD = gnu17;
				GCC_NO_COMMON_BLOCKS = YES;
				GCC_WARN_64_TO_32_BIT_CONVERSION = YES;
				GCC_WARN_ABOUT_RETURN_TYPE = YES_ERROR;
				GCC_WARN_UNDECLARED_SELECTOR = YES;
				GCC_WARN_UNINITIALIZED_AUTOS = YES_AGGRESSIVE;
				GCC_WARN_UNUSED_FUNCTION = YES;
				GCC_WARN_UNUSED_VARIABLE = YES;
				LOCALIZATION_PREFERS_STRING_CATALOGS = YES;
				MACOSX_DEPLOYMENT_TARGET = 13.0;
				MTL_ENABLE_DEBUG_INFO = NO;
				MTL_FAST_MATH = YES;
				SDKROOT = macosx;
				STRING_CATALOG_GENERATE_SYMBOLS = YES;
				SWIFT_COMPILATION_MODE = wholemodule;
			};
			name = Release;
		};
		1A300002 /* Debug */ = {
			isa = XCBuildConfiguration;
			buildSettings = {
				ASSETCATALOG_COMPILER_APPICON_NAME = AppIcon;
				ASSETCATALOG_COMPILER_GLOBAL_ACCENT_COLOR_NAME = AccentColor;
				CODE_SIGN_ENTITLEMENTS = DriveIndex/DriveIndex.entitlements;
				CODE_SIGN_STYLE = Automatic;
				COMBINE_HIDPI_IMAGES = YES;
				CURRENT_PROJECT_VERSION = 1;
				DEAD_CODE_STRIPPING = YES;
				DEVELOPMENT_TEAM = "";
				ENABLE_APP_SANDBOX = NO;
				ENABLE_FILE_ACCESS_DOWNLOADS_FOLDER = readwrite;
				ENABLE_HARDENED_RUNTIME = YES;
				ENABLE_PREVIEWS = YES;
				ENABLE_USER_SELECTED_FILES = readwrite;
				GENERATE_INFOPLIST_FILE = NO;
				INFOPLIST_FILE = DriveIndex/Info.plist;
				INFOPLIST_KEY_LSUIElement = YES;
				INFOPLIST_KEY_NSHumanReadableCopyright = "";
				LD_RUNPATH_SEARCH_PATHS = (
					"$(inherited)",
					"@executable_path/../Frameworks",
				);
				MARKETING_VERSION = 1.0;
				PRODUCT_BUNDLE_IDENTIFIER = com.driveindex.DriveIndex;
				PRODUCT_NAME = "$(TARGET_NAME)";
				SWIFT_EMIT_LOC_STRINGS = YES;
				SWIFT_VERSION = 5.0;
			};
			name = Debug;
		};
		1A300003 /* Release */ = {
			isa = XCBuildConfiguration;
			buildSettings = {
				ASSETCATALOG_COMPILER_APPICON_NAME = AppIcon;
				ASSETCATALOG_COMPILER_GLOBAL_ACCENT_COLOR_NAME = AccentColor;
				CODE_SIGN_ENTITLEMENTS = DriveIndex/DriveIndex.entitlements;
				CODE_SIGN_STYLE = Automatic;
				COMBINE_HIDPI_IMAGES = YES;
				CURRENT_PROJECT_VERSION = 1;
				DEAD_CODE_STRIPPING = YES;
				DEVELOPMENT_TEAM = "";
				ENABLE_APP_SANDBOX = NO;
				ENABLE_FILE_ACCESS_DOWNLOADS_FOLDER = readwrite;
				ENABLE_HARDENED_RUNTIME = YES;
				ENABLE_PREVIEWS = YES;
				ENABLE_USER_SELECTED_FILES = readwrite;
				GENERATE_INFOPLIST_FILE = NO;
				INFOPLIST_FILE = DriveIndex/Info.plist;
				INFOPLIST_KEY_LSUIElement = YES;
				INFOPLIST_KEY_NSHumanReadableCopyright = "";
				LD_RUNPATH_SEARCH_PATHS = (
					"$(inherited)",
					"@executable_path/../Frameworks",
				);
				MARKETING_VERSION = 1.0;
				PRODUCT_BUNDLE_IDENTIFIER = com.driveindex.DriveIndex;
				PRODUCT_NAME = "$(TARGET_NAME)";
				SWIFT_EMIT_LOC_STRINGS = YES;
				SWIFT_VERSION = 5.0;
			};
			name = Release;
		};
/* End XCBuildConfiguration section */

/* Begin XCConfigurationList section */
		1A200001 /* Build configuration list for PBXProject "DriveIndex" */ = {
			isa = XCConfigurationList;
			buildConfigurations = (
				1A300000 /* Debug */,
				1A300001 /* Release */,
			);
			defaultConfigurationIsVisible = 0;
			defaultConfigurationName = Release;
		};
		1AZZZZZ1 /* Build configuration list for PBXNativeTarget "DriveIndex" */ = {
			isa = XCConfigurationList;
			buildConfigurations = (
				1A300002 /* Debug */,
				1A300003 /* Release */,
			);
			defaultConfigurationIsVisible = 0;
			defaultConfigurationName = Release;
		};
/* End XCConfigurationList section */
	};
	rootObject = 1A200000 /* Project object */;
}
